
Microsoft Visual Studio Solution File, Format Version 12.00
# Visual Studio 14
VisualStudioVersion = 14.0.25420.1
MinimumVisualStudioVersion = 10.0.40219.1
Project("{FAE04EC0-301F-11D3-BF4B-00C04F79EFBC}") = "SISAPO", "SISAPO\SISAPO.csproj", "{789BC96F-9D6F-475C-AACF-3E533009B6FD}"
EndProject
Project("{FAE04EC0-301F-11D3-BF4B-00C04F79EFBC}") = "GeraChaveSisapo", "GeraChaveSisapo\GeraChaveSisapo.csproj", "{35E618C6-5C6D-45D1-8FCC-7D3FBAB40512}"
EndProject
Global
	GlobalSection(SolutionConfigurationPlatforms) = preSolution
		Debug|x86 = Debug|x86
		Release|x86 = Release|x86
	EndGlobalSection
	GlobalSection(ProjectConfigurationPlatforms) = postSolution
		{789BC96F-9D6F-475C-AACF-3E533009B6FD}.Debug|x86.ActiveCfg = Debug|x86
		{789BC96F-9D6F-475C-AACF-3E533009B6FD}.Debug|x86.Build.0 = Debug|x86
		{789BC96F-9D6F-475C-AACF-3E533009B6FD}.Release|x86.ActiveCfg = Release|x86
		{789BC96F-9D6F-475C-AACF-3E533009B6FD}.Release|x86.Build.0 = Release|x86
		{35E618C6-5C6D-45D1-8FCC-7D3FBAB40512}.Debug|x86.ActiveCfg = Debug|x86
		{35E618C6-5C6D-45D1-8FCC-7D3FBAB40512}.Debug|x86.Build.0 = Debug|x86
		{35E618C6-5C6D-45D1-8FCC-7D3FBAB40512}.Release|x86.ActiveCfg = Release|x86
		{35E618C6-5C6D-45D1-8FCC-7D3FBAB40512}.Release|x86.Build.0 = Release|x86
	EndGlobalSection
	GlobalSection(SolutionProperties) = preSolution
		HideSolutionNode = FALSE
	EndGlobalSection
EndGlobal
